
Microsoft Visual Studio Solution File, Format Version 12.00
# Visual Studio Version 16
VisualStudioVersion = 16.0.29209.62
MinimumVisualStudioVersion = 10.0.40219.1
Project("{FAE04EC0-301F-11D3-BF4B-00C04F79EFBC}") = "AjaxTask3", "AjaxTask3\AjaxTask3.csproj", "{FAD9D7DA-617F-405E-A951-6D323BDE7CBD}"
EndProject
Global
	GlobalSection(SolutionConfigurationPlatforms) = preSolution
		Debug|Any CPU = Debug|Any CPU
		Release|Any CPU = Release|Any CPU
	EndGlobalSection
	GlobalSection(ProjectConfigurationPlatforms) = postSolution
		{FAD9D7DA-617F-405E-A951-6D323BDE7CBD}.Debug|Any CPU.ActiveCfg = Debug|Any CPU
		{FAD9D7DA-617F-405E-A951-6D323BDE7CBD}.Debug|Any CPU.Build.0 = Debug|Any CPU
		{FAD9D7DA-617F-405E-A951-6D323BDE7CBD}.Release|Any CPU.ActiveCfg = Release|Any CPU
		{FAD9D7DA-617F-405E-A951-6D323BDE7CBD}.Release|Any CPU.Build.0 = Release|Any CPU
	EndGlobalSection
	GlobalSection(SolutionProperties) = preSolution
		HideSolutionNode = FALSE
	EndGlobalSection
	GlobalSection(ExtensibilityGlobals) = postSolution
		SolutionGuid = {0D51F64C-6508-4CC7-B569-606AD0CF3D01}
	EndGlobalSection
EndGlobal
